
Microsoft Visual Studio Solution File, Format Version 12.00
# Visual Studio Version 17
VisualStudioVersion = 17.3.32929.385
MinimumVisualStudioVersion = 10.0.40219.1
Project("{FAE04EC0-301F-11D3-BF4B-00C04F79EFBC}") = "Csharp_manage_rooms", "Csharp_manage_rooms\Csharp_manage_rooms.csproj", "{54FD4626-4CF3-4EC0-B9A5-F788F07AF154}"
EndProject
Global
	GlobalSection(SolutionConfigurationPlatforms) = preSolution
		Debug|Any CPU = Debug|Any CPU
		Release|Any CPU = Release|Any CPU
	EndGlobalSection
	GlobalSection(ProjectConfigurationPlatforms) = postSolution
		{54FD4626-4CF3-4EC0-B9A5-F788F07AF154}.Debug|Any CPU.ActiveCfg = Debug|Any CPU
		{54FD4626-4CF3-4EC0-B9A5-F788F07AF154}.Debug|Any CPU.Build.0 = Debug|Any CPU
		{54FD4626-4CF3-4EC0-B9A5-F788F07AF154}.Release|Any CPU.ActiveCfg = Release|Any CPU
		{54FD4626-4CF3-4EC0-B9A5-F788F07AF154}.Release|Any CPU.Build.0 = Release|Any CPU
	EndGlobalSection
	GlobalSection(SolutionProperties) = preSolution
		HideSolutionNode = FALSE
	EndGlobalSection
	GlobalSection(ExtensibilityGlobals) = postSolution
		SolutionGuid = {CEB6E0D4-CC4A-4D9D-B36D-4D0B1024105E}
	EndGlobalSection
EndGlobal
